// !$*UTF8*$!
{
	archiveVersion = 1;
	classes = {
	};
	objectVersion = 48;
	objects = {

/* Begin PBXBuildFile section */
		4D53432643402D08B4590578 /* libPods-OBASum.a in Frameworks */ = {isa = PBXBuildFile; fileRef = C6E9A8EB0B7D9E81363B261C /* libPods-OBASum.a */; };
		83076B15204A38300013C5FA /* OBANetwork.m in Sources */ = {isa = PBXBuildFile; fileRef = 83076B14204A38300013C5FA /* OBANetwork.m */; };
		83159D85204645CE006964D6 /* YPPhotoPicker.storyboard in Resources */ = {isa = PBXBuildFile; fileRef = 83159D84204645CE006964D6 /* YPPhotoPicker.storyboard */; };
		83159D88204645FD006964D6 /* YPPhotoPickerTestViewController.m in Sources */ = {isa = PBXBuildFile; fileRef = 83159D87204645FD006964D6 /* YPPhotoPickerTestViewController.m */; };
		83159D8B204648FB006964D6 /* YPPhotoPickerViewController.m in Sources */ = {isa = PBXBuildFile; fileRef = 83159D8A204648FB006964D6 /* YPPhotoPickerViewController.m */; };
		83159D8D20464997006964D6 /* YPPhotoPickerTest.storyboard in Resources */ = {isa = PBXBuildFile; fileRef = 83159D8C20464997006964D6 /* YPPhotoPickerTest.storyboard */; };
		834881F1204A94F1006CF252 /* OBANetworkingTestViewController.m in Sources */ = {isa = PBXBuildFile; fileRef = 834881F0204A94F1006CF252 /* OBANetworkingTestViewController.m */; };
		834881F4204A971E006CF252 /* DemoMenuViewController.m in Sources */ = {isa = PBXBuildFile; fileRef = 834881F3204A971E006CF252 /* DemoMenuViewController.m */; };
		837A37DB2045A0EC006C1790 /* YPPhotoPicker.m in Sources */ = {isa = PBXBuildFile; fileRef = 837A37DA2045A0EC006C1790 /* YPPhotoPicker.m */; };
		83B8614120445D89008F4EAE /* AppDelegate.m in Sources */ = {isa = PBXBuildFile; fileRef = 83B8614020445D89008F4EAE /* AppDelegate.m */; };
		83B8614420445D89008F4EAE /* ViewController.m in Sources */ = {isa = PBXBuildFile; fileRef = 83B8614320445D89008F4EAE /* ViewController.m */; };
		83B8614720445D89008F4EAE /* Main.storyboard in Resources */ = {isa = PBXBuildFile; fileRef = 83B8614520445D89008F4EAE /* Main.storyboard */; };
		83B8614920445D89008F4EAE /* Assets.xcassets in Resources */ = {isa = PBXBuildFile; fileRef = 83B8614820445D89008F4EAE /* Assets.xcassets */; };
		83B8614C20445D89008F4EAE /* LaunchScreen.storyboard in Resources */ = {isa = PBXBuildFile; fileRef = 83B8614A20445D89008F4EAE /* LaunchScreen.storyboard */; };
		83B8614F20445D89008F4EAE /* main.m in Sources */ = {isa = PBXBuildFile; fileRef = 83B8614E20445D89008F4EAE /* main.m */; };
		83B8616020445E67008F4EAE /* OBAPhotoPicker.m in Sources */ = {isa = PBXBuildFile; fileRef = 83B8615F20445E67008F4EAE /* OBAPhotoPicker.m */; };
		83B8616320445E89008F4EAE /* PhotoPickerViewController.m in Sources */ = {isa = PBXBuildFile; fileRef = 83B8616220445E89008F4EAE /* PhotoPickerViewController.m */; };
		83EDB9AE20447688009C82ED /* OBASum.podspec in Resources */ = {isa = PBXBuildFile; fileRef = 83EDB9AD20447688009C82ED /* OBASum.podspec */; };
/* End PBXBuildFile section */

/* Begin PBXFileReference section */
		3F5DAEB4E8CA60BD154234CF /* Pods-OBASum.release.xcconfig */ = {isa = PBXFileReference; includeInIndex = 1; lastKnownFileType = text.xcconfig; name = "Pods-OBASum.release.xcconfig"; path = "Pods/Target Support Files/Pods-OBASum/Pods-OBASum.release.xcconfig"; sourceTree = "<group>"; };
		83076B13204A38300013C5FA /* OBANetwork.h */ = {isa = PBXFileReference; lastKnownFileType = sourcecode.c.h; path = OBANetwork.h; sourceTree = "<group>"; };
		83076B14204A38300013C5FA /* OBANetwork.m */ = {isa = PBXFileReference; lastKnownFileType = sourcecode.c.objc; path = OBANetwork.m; sourceTree = "<group>"; };
		83159D84204645CE006964D6 /* YPPhotoPicker.storyboard */ = {isa = PBXFileReference; lastKnownFileType = file.storyboard; path = YPPhotoPicker.storyboard; sourceTree = "<group>"; };
		83159D86204645FD006964D6 /* YPPhotoPickerTestViewController.h */ = {isa = PBXFileReference; lastKnownFileType = sourcecode.c.h; path = YPPhotoPickerTestViewController.h; sourceTree = "<group>"; };
		83159D87204645FD006964D6 /* YPPhotoPickerTestViewController.m */ = {isa = PBXFileReference; lastKnownFileType = sourcecode.c.objc; path = YPPhotoPickerTestViewController.m; sourceTree = "<group>"; };
		83159D89204648FB006964D6 /* YPPhotoPickerViewController.h */ = {isa = PBXFileReference; lastKnownFileType = sourcecode.c.h; path = YPPhotoPickerViewController.h; sourceTree = "<group>"; };
		83159D8A204648FB006964D6 /* YPPhotoPickerViewController.m */ = {isa = PBXFileReference; lastKnownFileType = sourcecode.c.objc; path = YPPhotoPickerViewController.m; sourceTree = "<group>"; };
		83159D8C20464997006964D6 /* YPPhotoPickerTest.storyboard */ = {isa = PBXFileReference; lastKnownFileType = file.storyboard; path = YPPhotoPickerTest.storyboard; sourceTree = "<group>"; };
		8329C99B204662BB00AB3A6D /* PrefixHeader.h */ = {isa = PBXFileReference; lastKnownFileType = sourcecode.c.h; path = PrefixHeader.h; sourceTree = "<group>"; };
		834881EF204A94F1006CF252 /* OBANetworkingTestViewController.h */ = {isa = PBXFileReference; lastKnownFileType = sourcecode.c.h; path = OBANetworkingTestViewController.h; sourceTree = "<group>"; };
		834881F0204A94F1006CF252 /* OBANetworkingTestViewController.m */ = {isa = PBXFileReference; lastKnownFileType = sourcecode.c.objc; path = OBANetworkingTestViewController.m; sourceTree = "<group>"; };
		834881F2204A971E006CF252 /* DemoMenuViewController.h */ = {isa = PBXFileReference; lastKnownFileType = sourcecode.c.h; path = DemoMenuViewController.h; sourceTree = "<group>"; };
		834881F3204A971E006CF252 /* DemoMenuViewController.m */ = {isa = PBXFileReference; lastKnownFileType = sourcecode.c.objc; path = DemoMenuViewController.m; sourceTree = "<group>"; };
		834881F5204A989D006CF252 /* OBAMicros.h */ = {isa = PBXFileReference; lastKnownFileType = sourcecode.c.h; path = OBAMicros.h; sourceTree = "<group>"; };
		837A37D720459FF0006C1790 /* OBASum.h */ = {isa = PBXFileReference; lastKnownFileType = sourcecode.c.h; path = OBASum.h; sourceTree = "<group>"; };
		837A37D92045A0EC006C1790 /* YPPhotoPicker.h */ = {isa = PBXFileReference; lastKnownFileType = sourcecode.c.h; path = YPPhotoPicker.h; sourceTree = "<group>"; };
		837A37DA2045A0EC006C1790 /* YPPhotoPicker.m */ = {isa = PBXFileReference; lastKnownFileType = sourcecode.c.objc; path = YPPhotoPicker.m; sourceTree = "<group>"; };
		83B8613C20445D89008F4EAE /* OBASum.app */ = {isa = PBXFileReference; explicitFileType = wrapper.application; includeInIndex = 0; path = OBASum.app; sourceTree = BUILT_PRODUCTS_DIR; };
		83B8613F20445D89008F4EAE /* AppDelegate.h */ = {isa = PBXFileReference; lastKnownFileType = sourcecode.c.h; path = AppDelegate.h; sourceTree = "<group>"; };
		83B8614020445D89008F4EAE /* AppDelegate.m */ = {isa = PBXFileReference; lastKnownFileType = sourcecode.c.objc; path = AppDelegate.m; sourceTree = "<group>"; };
		83B8614220445D89008F4EAE /* ViewController.h */ = {isa = PBXFileReference; lastKnownFileType = sourcecode.c.h; path = ViewController.h; sourceTree = "<group>"; };
		83B8614320445D89008F4EAE /* ViewController.m */ = {isa = PBXFileReference; lastKnownFileType = sourcecode.c.objc; path = ViewController.m; sourceTree = "<group>"; };
		83B8614620445D89008F4EAE /* Base */ = {isa = PBXFileReference; lastKnownFileType = file.storyboard; name = Base; path = Base.lproj/Main.storyboard; sourceTree = "<group>"; };
		83B8614820445D89008F4EAE /* Assets.xcassets */ = {isa = PBXFileReference; lastKnownFileType = folder.assetcatalog; path = Assets.xcassets; sourceTree = "<group>"; };
		83B8614B20445D89008F4EAE /* Base */ = {isa = PBXFileReference; lastKnownFileType = file.storyboard; name = Base; path = Base.lproj/LaunchScreen.storyboard; sourceTree = "<group>"; };
		83B8614D20445D89008F4EAE /* Info.plist */ = {isa = PBXFileReference; lastKnownFileType = text.plist.xml; path = Info.plist; sourceTree = "<group>"; };
		83B8614E20445D89008F4EAE /* main.m */ = {isa = PBXFileReference; lastKnownFileType = sourcecode.c.objc; path = main.m; sourceTree = "<group>"; };
		83B8615E20445E67008F4EAE /* OBAPhotoPicker.h */ = {isa = PBXFileReference; lastKnownFileType = sourcecode.c.h; path = OBAPhotoPicker.h; sourceTree = "<group>"; };
		83B8615F20445E67008F4EAE /* OBAPhotoPicker.m */ = {isa = PBXFileReference; lastKnownFileType = sourcecode.c.objc; path = OBAPhotoPicker.m; sourceTree = "<group>"; };
		83B8616120445E89008F4EAE /* PhotoPickerViewController.h */ = {isa = PBXFileReference; lastKnownFileType = sourcecode.c.h; path = PhotoPickerViewController.h; sourceTree = "<group>"; };
		83B8616220445E89008F4EAE /* PhotoPickerViewController.m */ = {isa = PBXFileReference; lastKnownFileType = sourcecode.c.objc; path = PhotoPickerViewController.m; sourceTree = "<group>"; };
		83EDB9AD20447688009C82ED /* OBASum.podspec */ = {isa = PBXFileReference; fileEncoding = 4; lastKnownFileType = text; path = OBASum.podspec; sourceTree = SOURCE_ROOT; };
		87DA033092F086C1D0E2F569 /* Pods-OBASum.debug.xcconfig */ = {isa = PBXFileReference; includeInIndex = 1; lastKnownFileType = text.xcconfig; name = "Pods-OBASum.debug.xcconfig"; path = "Pods/Target Support Files/Pods-OBASum/Pods-OBASum.debug.xcconfig"; sourceTree = "<group>"; };
		C6E9A8EB0B7D9E81363B261C /* libPods-OBASum.a */ = {isa = PBXFileReference; explicitFileType = archive.ar; includeInIndex = 0; path = "libPods-OBASum.a"; sourceTree = BUILT_PRODUCTS_DIR; };
/* End PBXFileReference section */

/* Begin PBXFrameworksBuildPhase section */
		83B8613920445D89008F4EAE /* Frameworks */ = {
			isa = PBXFrameworksBuildPhase;
			buildActionMask = 2147483647;
			files = (
				4D53432643402D08B4590578 /* libPods-OBASum.a in Frameworks */,
			);
			runOnlyForDeploymentPostprocessing = 0;
		};
/* End PBXFrameworksBuildPhase section */

/* Begin PBXGroup section */
		2E00359CEF5AAC470D76D1AD /* Pods */ = {
			isa = PBXGroup;
			children = (
				87DA033092F086C1D0E2F569 /* Pods-OBASum.debug.xcconfig */,
				3F5DAEB4E8CA60BD154234CF /* Pods-OBASum.release.xcconfig */,
			);
			name = Pods;
			sourceTree = "<group>";
		};
		7E49A776A4C439DDD510E807 /* Frameworks */ = {
			isa = PBXGroup;
			children = (
				C6E9A8EB0B7D9E81363B261C /* libPods-OBASum.a */,
			);
			name = Frameworks;
			sourceTree = "<group>";
		};
		83076B11204A36F70013C5FA /* API */ = {
			isa = PBXGroup;
			children = (
				834881F5204A989D006CF252 /* OBAMicros.h */,
				83076B12204A37140013C5FA /* Networking */,
			);
			path = API;
			sourceTree = "<group>";
		};
		83076B12204A37140013C5FA /* Networking */ = {
			isa = PBXGroup;
			children = (
				83076B13204A38300013C5FA /* OBANetwork.h */,
				83076B14204A38300013C5FA /* OBANetwork.m */,
			);
			path = Networking;
			sourceTree = "<group>";
		};
		83159D80204644F5006964D6 /* YPPhotoPicker */ = {
			isa = PBXGroup;
			children = (
				83159D8C20464997006964D6 /* YPPhotoPickerTest.storyboard */,
				83159D86204645FD006964D6 /* YPPhotoPickerTestViewController.h */,
				83159D87204645FD006964D6 /* YPPhotoPickerTestViewController.m */,
			);
			path = YPPhotoPicker;
			sourceTree = "<group>";
		};
		834881ED204A947E006CF252 /* API */ = {
			isa = PBXGroup;
			children = (
				834881EE204A94DA006CF252 /* Networking */,
			);
			path = API;
			sourceTree = "<group>";
		};
		834881EE204A94DA006CF252 /* Networking */ = {
			isa = PBXGroup;
			children = (
				834881EF204A94F1006CF252 /* OBANetworkingTestViewController.h */,
				834881F0204A94F1006CF252 /* OBANetworkingTestViewController.m */,
			);
			path = Networking;
			sourceTree = "<group>";
		};
		837A37D82045A0D7006C1790 /* YPPhotoPicker */ = {
			isa = PBXGroup;
			children = (
				837A37D92045A0EC006C1790 /* YPPhotoPicker.h */,
				837A37DA2045A0EC006C1790 /* YPPhotoPicker.m */,
				83159D89204648FB006964D6 /* YPPhotoPickerViewController.h */,
				83159D8A204648FB006964D6 /* YPPhotoPickerViewController.m */,
				83159D84204645CE006964D6 /* YPPhotoPicker.storyboard */,
			);
			path = YPPhotoPicker;
			sourceTree = "<group>";
		};
		83B8613320445D89008F4EAE = {
			isa = PBXGroup;
			children = (
				83B8613E20445D89008F4EAE /* OBASum */,
				83B8613D20445D89008F4EAE /* Products */,
				2E00359CEF5AAC470D76D1AD /* Pods */,
				7E49A776A4C439DDD510E807 /* Frameworks */,
			);
			sourceTree = "<group>";
		};
		83B8613D20445D89008F4EAE /* Products */ = {
			isa = PBXGroup;
			children = (
				83B8613C20445D89008F4EAE /* OBASum.app */,
			);
			name = Products;
			sourceTree = "<group>";
		};
		83B8613E20445D89008F4EAE /* OBASum */ = {
			isa = PBXGroup;
			children = (
				83B8615520445DE2008F4EAE /* Classes */,
				83B8615820445E0C008F4EAE /* Demo */,
				83B8613F20445D89008F4EAE /* AppDelegate.h */,
				83B8614020445D89008F4EAE /* AppDelegate.m */,
				83B8614220445D89008F4EAE /* ViewController.h */,
				83B8614320445D89008F4EAE /* ViewController.m */,
				83B8614520445D89008F4EAE /* Main.storyboard */,
				83B8614820445D89008F4EAE /* Assets.xcassets */,
				83B8614A20445D89008F4EAE /* LaunchScreen.storyboard */,
				83B8614D20445D89008F4EAE /* Info.plist */,
				83B8614E20445D89008F4EAE /* main.m */,
				83EDB9AD20447688009C82ED /* OBASum.podspec */,
				8329C99B204662BB00AB3A6D /* PrefixHeader.h */,
			);
			path = OBASum;
			sourceTree = "<group>";
		};
		83B8615520445DE2008F4EAE /* Classes */ = {
			isa = PBXGroup;
			children = (
				837A37D720459FF0006C1790 /* OBASum.h */,
				83076B11204A36F70013C5FA /* API */,
				83B8615620445DE2008F4EAE /* Components */,
			);
			path = Classes;
			sourceTree = "<group>";
		};
		83B8615620445DE2008F4EAE /* Components */ = {
			isa = PBXGroup;
			children = (
				83B8615720445DE2008F4EAE /* PhotoPicker */,
				837A37D82045A0D7006C1790 /* YPPhotoPicker */,
			);
			path = Components;
			sourceTree = "<group>";
		};
		83B8615720445DE2008F4EAE /* PhotoPicker */ = {
			isa = PBXGroup;
			children = (
				83B8615E20445E67008F4EAE /* OBAPhotoPicker.h */,
				83B8615F20445E67008F4EAE /* OBAPhotoPicker.m */,
			);
			path = PhotoPicker;
			sourceTree = "<group>";
		};
		83B8615820445E0C008F4EAE /* Demo */ = {
			isa = PBXGroup;
			children = (
				834881F2204A971E006CF252 /* DemoMenuViewController.h */,
				834881F3204A971E006CF252 /* DemoMenuViewController.m */,
				834881ED204A947E006CF252 /* API */,
				83B8615920445E0C008F4EAE /* Components */,
			);
			path = Demo;
			sourceTree = "<group>";
		};
		83B8615920445E0C008F4EAE /* Components */ = {
			isa = PBXGroup;
			children = (
				83159D80204644F5006964D6 /* YPPhotoPicker */,
				83B8615A20445E0C008F4EAE /* PhotoPicker */,
			);
			path = Components;
			sourceTree = "<group>";
		};
		83B8615A20445E0C008F4EAE /* PhotoPicker */ = {
			isa = PBXGroup;
			children = (
				83B8616120445E89008F4EAE /* PhotoPickerViewController.h */,
				83B8616220445E89008F4EAE /* PhotoPickerViewController.m */,
			);
			path = PhotoPicker;
			sourceTree = "<group>";
		};
/* End PBXGroup section */

/* Begin PBXNativeTarget section */
		83B8613B20445D89008F4EAE /* OBASum */ = {
			isa = PBXNativeTarget;
			buildConfigurationList = 83B8615220445D89008F4EAE /* Build configuration list for PBXNativeTarget "OBASum" */;
			buildPhases = (
				A33E6775F9FBA09AFB043220 /* [CP] Check Pods Manifest.lock */,
				83B8613820445D89008F4EAE /* Sources */,
				83B8613920445D89008F4EAE /* Frameworks */,
				83B8613A20445D89008F4EAE /* Resources */,
				07409D9060DD910391F54051 /* [CP] Embed Pods Frameworks */,
				78A6B1ACE040A1DCDE59651A /* [CP] Copy Pods Resources */,
			);
			buildRules = (
			);
			dependencies = (
			);
			name = OBASum;
			productName = OBASum;
			productReference = 83B8613C20445D89008F4EAE /* OBASum.app */;
			productType = "com.apple.product-type.application";
		};
/* End PBXNativeTarget section */

/* Begin PBXProject section */
		83B8613420445D89008F4EAE /* Project object */ = {
			isa = PBXProject;
			attributes = {
				LastUpgradeCheck = 0920;
				ORGANIZATIONNAME = ChengXin;
				TargetAttributes = {
					83B8613B20445D89008F4EAE = {
						CreatedOnToolsVersion = 9.2;
						ProvisioningStyle = Automatic;
					};
				};
			};
			buildConfigurationList = 83B8613720445D89008F4EAE /* Build configuration list for PBXProject "OBASum" */;
			compatibilityVersion = "Xcode 8.0";
			developmentRegion = en;
			hasScannedForEncodings = 0;
			knownRegions = (
				en,
				Base,
			);
			mainGroup = 83B8613320445D89008F4EAE;
			productRefGroup = 83B8613D20445D89008F4EAE /* Products */;
			projectDirPath = "";
			projectRoot = "";
			targets = (
				83B8613B20445D89008F4EAE /* OBASum */,
			);
		};
/* End PBXProject section */

/* Begin PBXResourcesBuildPhase section */
		83B8613A20445D89008F4EAE /* Resources */ = {
			isa = PBXResourcesBuildPhase;
			buildActionMask = 2147483647;
			files = (
				83159D8D20464997006964D6 /* YPPhotoPickerTest.storyboard in Resources */,
				83B8614C20445D89008F4EAE /* LaunchScreen.storyboard in Resources */,
				83EDB9AE20447688009C82ED /* OBASum.podspec in Resources */,
				83B8614920445D89008F4EAE /* Assets.xcassets in Resources */,
				83B8614720445D89008F4EAE /* Main.storyboard in Resources */,
				83159D85204645CE006964D6 /* YPPhotoPicker.storyboard in Resources */,
			);
			runOnlyForDeploymentPostprocessing = 0;
		};
/* End PBXResourcesBuildPhase section */

/* Begin PBXShellScriptBuildPhase section */
		07409D9060DD910391F54051 /* [CP] Embed Pods Frameworks */ = {
			isa = PBXShellScriptBuildPhase;
			buildActionMask = 2147483647;
			files = (
			);
			inputPaths = (
			);
			name = "[CP] Embed Pods Frameworks";
			outputPaths = (
			);
			runOnlyForDeploymentPostprocessing = 0;
			shellPath = /bin/sh;
			shellScript = "\"${SRCROOT}/Pods/Target Support Files/Pods-OBASum/Pods-OBASum-frameworks.sh\"\n";
			showEnvVarsInLog = 0;
		};
		78A6B1ACE040A1DCDE59651A /* [CP] Copy Pods Resources */ = {
			isa = PBXShellScriptBuildPhase;
			buildActionMask = 2147483647;
			files = (
			);
			inputPaths = (
			);
			name = "[CP] Copy Pods Resources";
			outputPaths = (
			);
			runOnlyForDeploymentPostprocessing = 0;
			shellPath = /bin/sh;
			shellScript = "\"${SRCROOT}/Pods/Target Support Files/Pods-OBASum/Pods-OBASum-resources.sh\"\n";
			showEnvVarsInLog = 0;
		};
		A33E6775F9FBA09AFB043220 /* [CP] Check Pods Manifest.lock */ = {
			isa = PBXShellScriptBuildPhase;
			buildActionMask = 2147483647;
			files = (
			);
			inputPaths = (
				"${PODS_PODFILE_DIR_PATH}/Podfile.lock",
				"${PODS_ROOT}/Manifest.lock",
			);
			name = "[CP] Check Pods Manifest.lock";
			outputPaths = (
				"$(DERIVED_FILE_DIR)/Pods-OBASum-checkManifestLockResult.txt",
			);
			runOnlyForDeploymentPostprocessing = 0;
			shellPath = /bin/sh;
			shellScript = "diff \"${PODS_PODFILE_DIR_PATH}/Podfile.lock\" \"${PODS_ROOT}/Manifest.lock\" > /dev/null\nif [ $? != 0 ] ; then\n    # print error to STDERR\n    echo \"error: The sandbox is not in sync with the Podfile.lock. Run 'pod install' or update your CocoaPods installation.\" >&2\n    exit 1\nfi\n# This output is used by Xcode 'outputs' to avoid re-running this script phase.\necho \"SUCCESS\" > \"${SCRIPT_OUTPUT_FILE_0}\"\n";
			showEnvVarsInLog = 0;
		};
/* End PBXShellScriptBuildPhase section */

/* Begin PBXSourcesBuildPhase section */
		83B8613820445D89008F4EAE /* Sources */ = {
			isa = PBXSourcesBuildPhase;
			buildActionMask = 2147483647;
			files = (
				83159D8B204648FB006964D6 /* YPPhotoPickerViewController.m in Sources */,
				83159D88204645FD006964D6 /* YPPhotoPickerTestViewController.m in Sources */,
				83B8616020445E67008F4EAE /* OBAPhotoPicker.m in Sources */,
				834881F1204A94F1006CF252 /* OBANetworkingTestViewController.m in Sources */,
				834881F4204A971E006CF252 /* DemoMenuViewController.m in Sources */,
				83B8616320445E89008F4EAE /* PhotoPickerViewController.m in Sources */,
				83B8614420445D89008F4EAE /* ViewController.m in Sources */,
				83076B15204A38300013C5FA /* OBANetwork.m in Sources */,
				83B8614F20445D89008F4EAE /* main.m in Sources */,
				83B8614120445D89008F4EAE /* AppDelegate.m in Sources */,
				837A37DB2045A0EC006C1790 /* YPPhotoPicker.m in Sources */,
			);
			runOnlyForDeploymentPostprocessing = 0;
		};
/* End PBXSourcesBuildPhase section */

/* Begin PBXVariantGroup section */
		83B8614520445D89008F4EAE /* Main.storyboard */ = {
			isa = PBXVariantGroup;
			children = (
				83B8614620445D89008F4EAE /* Base */,
			);
			name = Main.storyboard;
			sourceTree = "<group>";
		};
		83B8614A20445D89008F4EAE /* LaunchScreen.storyboard */ = {
			isa = PBXVariantGroup;
			children = (
				83B8614B20445D89008F4EAE /* Base */,
			);
			name = LaunchScreen.storyboard;
			sourceTree = "<group>";
		};
/* End PBXVariantGroup section */

/* Begin XCBuildConfiguration section */
		83B8615020445D89008F4EAE /* Debug */ = {
			isa = XCBuildConfiguration;
			buildSettings = {
				ALWAYS_SEARCH_USER_PATHS = NO;
				CLANG_ANALYZER_NONNULL = YES;
				CLANG_ANALYZER_NUMBER_OBJECT_CONVERSION = YES_AGGRESSIVE;
				CLANG_CXX_LANGUAGE_STANDARD = "gnu++14";
				CLANG_CXX_LIBRARY = "libc++";
				CLANG_ENABLE_MODULES = YES;
				CLANG_ENABLE_OBJC_ARC = YES;
				CLANG_WARN_BLOCK_CAPTURE_AUTORELEASING = YES;
				CLANG_WARN_BOOL_CONVERSION = YES;
				CLANG_WARN_COMMA = YES;
				CLANG_WARN_CONSTANT_CONVERSION = YES;
				CLANG_WARN_DIRECT_OBJC_ISA_USAGE = YES_ERROR;
				CLANG_WARN_DOCUMENTATION_COMMENTS = YES;
				CLANG_WARN_EMPTY_BODY = YES;
				CLANG_WARN_ENUM_CONVERSION = YES;
				CLANG_WARN_INFINITE_RECURSION = YES;
				CLANG_WARN_INT_CONVERSION = YES;
				CLANG_WARN_NON_LITERAL_NULL_CONVERSION = YES;
				CLANG_WARN_OBJC_LITERAL_CONVERSION = YES;
				CLANG_WARN_OBJC_ROOT_CLASS = YES_ERROR;
				CLANG_WARN_RANGE_LOOP_ANALYSIS = YES;
				CLANG_WARN_STRICT_PROTOTYPES = YES;
				CLANG_WARN_SUSPICIOUS_MOVE = YES;
				CLANG_WARN_UNGUARDED_AVAILABILITY = YES_AGGRESSIVE;
				CLANG_WARN_UNREACHABLE_CODE = YES;
				CLANG_WARN__DUPLICATE_METHOD_MATCH = YES;
				CODE_SIGN_IDENTITY = "iPhone Developer";
				COPY_PHASE_STRIP = NO;
				DEBUG_INFORMATION_FORMAT = dwarf;
				ENABLE_STRICT_OBJC_MSGSEND = YES;
				ENABLE_TESTABILITY = YES;
				GCC_C_LANGUAGE_STANDARD = gnu11;
				GCC_DYNAMIC_NO_PIC = NO;
				GCC_NO_COMMON_BLOCKS = YES;
				GCC_OPTIMIZATION_LEVEL = 0;
				GCC_PREPROCESSOR_DEFINITIONS = (
					"DEBUG=1",
					"$(inherited)",
				);
				GCC_WARN_64_TO_32_BIT_CONVERSION = YES;
				GCC_WARN_ABOUT_RETURN_TYPE = YES_ERROR;
				GCC_WARN_UNDECLARED_SELECTOR = YES;
				GCC_WARN_UNINITIALIZED_AUTOS = YES_AGGRESSIVE;
				GCC_WARN_UNUSED_FUNCTION = YES;
				GCC_WARN_UNUSED_VARIABLE = YES;
				IPHONEOS_DEPLOYMENT_TARGET = 8.0;
				MTL_ENABLE_DEBUG_INFO = YES;
				ONLY_ACTIVE_ARCH = YES;
				SDKROOT = iphoneos;
			};
			name = Debug;
		};
		83B8615120445D89008F4EAE /* Release */ = {
			isa = XCBuildConfiguration;
			buildSettings = {
				ALWAYS_SEARCH_USER_PATHS = NO;
				CLANG_ANALYZER_NONNULL = YES;
				CLANG_ANALYZER_NUMBER_OBJECT_CONVERSION = YES_AGGRESSIVE;
				CLANG_CXX_LANGUAGE_STANDARD = "gnu++14";
				CLANG_CXX_LIBRARY = "libc++";
				CLANG_ENABLE_MODULES = YES;
				CLANG_ENABLE_OBJC_ARC = YES;
				CLANG_WARN_BLOCK_CAPTURE_AUTORELEASING = YES;
				CLANG_WARN_BOOL_CONVERSION = YES;
				CLANG_WARN_COMMA = YES;
				CLANG_WARN_CONSTANT_CONVERSION = YES;
				CLANG_WARN_DIRECT_OBJC_ISA_USAGE = YES_ERROR;
				CLANG_WARN_DOCUMENTATION_COMMENTS = YES;
				CLANG_WARN_EMPTY_BODY = YES;
				CLANG_WARN_ENUM_CONVERSION = YES;
				CLANG_WARN_INFINITE_RECURSION = YES;
				CLANG_WARN_INT_CONVERSION = YES;
				CLANG_WARN_NON_LITERAL_NULL_CONVERSION = YES;
				CLANG_WARN_OBJC_LITERAL_CONVERSION = YES;
				CLANG_WARN_OBJC_ROOT_CLASS = YES_ERROR;
				CLANG_WARN_RANGE_LOOP_ANALYSIS = YES;
				CLANG_WARN_STRICT_PROTOTYPES = YES;
				CLANG_WARN_SUSPICIOUS_MOVE = YES;
				CLANG_WARN_UNGUARDED_AVAILABILITY = YES_AGGRESSIVE;
				CLANG_WARN_UNREACHABLE_CODE = YES;
				CLANG_WARN__DUPLICATE_METHOD_MATCH = YES;
				CODE_SIGN_IDENTITY = "iPhone Developer";
				COPY_PHASE_STRIP = NO;
				DEBUG_INFORMATION_FORMAT = "dwarf-with-dsym";
				ENABLE_NS_ASSERTIONS = NO;
				ENABLE_STRICT_OBJC_MSGSEND = YES;
				GCC_C_LANGUAGE_STANDARD = gnu11;
				GCC_NO_COMMON_BLOCKS = YES;
				GCC_WARN_64_TO_32_BIT_CONVERSION = YES;
				GCC_WARN_ABOUT_RETURN_TYPE = YES_ERROR;
				GCC_WARN_UNDECLARED_SELECTOR = YES;
				GCC_WARN_UNINITIALIZED_AUTOS = YES_AGGRESSIVE;
				GCC_WARN_UNUSED_FUNCTION = YES;
				GCC_WARN_UNUSED_VARIABLE = YES;
				IPHONEOS_DEPLOYMENT_TARGET = 8.0;
				MTL_ENABLE_DEBUG_INFO = NO;
				SDKROOT = iphoneos;
				VALIDATE_PRODUCT = YES;
			};
			name = Release;
		};
		83B8615320445D89008F4EAE /* Debug */ = {
			isa = XCBuildConfiguration;
			baseConfigurationReference = 87DA033092F086C1D0E2F569 /* Pods-OBASum.debug.xcconfig */;
			buildSettings = {
				ASSETCATALOG_COMPILER_APPICON_NAME = AppIcon;
				CODE_SIGN_STYLE = Automatic;
				DEVELOPMENT_TEAM = F53JHE85R7;
				GCC_PREFIX_HEADER = "${SRCROOT}/${PRODUCT_NAME}/PrefixHeader.h";
				INFOPLIST_FILE = OBASum/Info.plist;
				LD_RUNPATH_SEARCH_PATHS = "$(inherited) @executable_path/Frameworks";
				PRODUCT_BUNDLE_IDENTIFIER = com.cx.OBASum;
				PRODUCT_NAME = "$(TARGET_NAME)";
				TARGETED_DEVICE_FAMILY = "1,2";
			};
			name = Debug;
		};
		83B8615420445D89008F4EAE /* Release */ = {
			isa = XCBuildConfiguration;
			baseConfigurationReference = 3F5DAEB4E8CA60BD154234CF /* Pods-OBASum.release.xcconfig */;
			buildSettings = {
				ASSETCATALOG_COMPILER_APPICON_NAME = AppIcon;
				CODE_SIGN_STYLE = Automatic;
				DEVELOPMENT_TEAM = F53JHE85R7;
				GCC_PREFIX_HEADER = "${SRCROOT}/${PRODUCT_NAME}/PrefixHeader.h";
				INFOPLIST_FILE = OBASum/Info.plist;
				LD_RUNPATH_SEARCH_PATHS = "$(inherited) @executable_path/Frameworks";
				PRODUCT_BUNDLE_IDENTIFIER = com.cx.OBASum;
				PRODUCT_NAME = "$(TARGET_NAME)";
				TARGETED_DEVICE_FAMILY = "1,2";
			};
			name = Release;
		};
/* End XCBuildConfiguration section */

/* Begin XCConfigurationList section */
		83B8613720445D89008F4EAE /* Build configuration list for PBXProject "OBASum" */ = {
			isa = XCConfigurationList;
			buildConfigurations = (
				83B8615020445D89008F4EAE /* Debug */,
				83B8615120445D89008F4EAE /* Release */,
			);
			defaultConfigurationIsVisible = 0;
			defaultConfigurationName = Release;
		};
		83B8615220445D89008F4EAE /* Build configuration list for PBXNativeTarget "OBASum" */ = {
			isa = XCConfigurationList;
			buildConfigurations = (
				83B8615320445D89008F4EAE /* Debug */,
				83B8615420445D89008F4EAE /* Release */,
			);
			defaultConfigurationIsVisible = 0;
			defaultConfigurationName = Release;
		};
/* End XCConfigurationList section */
	};
	rootObject = 83B8613420445D89008F4EAE /* Project object */;
}
